
Microsoft Visual Studio Solution File, Format Version 12.00
# Visual Studio Version 17
VisualStudioVersion = 17.1.32421.90
MinimumVisualStudioVersion = 10.0.40219.1
Project("{FAE04EC0-301F-11D3-BF4B-00C04F79EFBC}") = "Battleships.Library", "BattleshipsLibrary\Battleships.Library.csproj", "{47023D75-801E-428E-8405-FA1C9540D855}"
EndProject
Project("{FAE04EC0-301F-11D3-BF4B-00C04F79EFBC}") = "Battleships.ConsoleUI", "Battleships.ConsoleUI\Battleships.ConsoleUI.csproj", "{A689ADE4-02C9-4B76-84B5-AA90C89CF45D}"
EndProject
Project("{FAE04EC0-301F-11D3-BF4B-00C04F79EFBC}") = "Battleships.Tests", "Battleships.Tests\Battleships.Tests.csproj", "{307F83C8-710C-438F-B977-84889AA15D57}"
EndProject
Global
	GlobalSection(SolutionConfigurationPlatforms) = preSolution
		Debug|Any CPU = Debug|Any CPU
		Release|Any CPU = Release|Any CPU
	EndGlobalSection
	GlobalSection(ProjectConfigurationPlatforms) = postSolution
		{47023D75-801E-428E-8405-FA1C9540D855}.Debug|Any CPU.ActiveCfg = Debug|Any CPU
		{47023D75-801E-428E-8405-FA1C9540D855}.Debug|Any CPU.Build.0 = Debug|Any CPU
		{47023D75-801E-428E-8405-FA1C9540D855}.Release|Any CPU.ActiveCfg = Release|Any CPU
		{47023D75-801E-428E-8405-FA1C9540D855}.Release|Any CPU.Build.0 = Release|Any CPU
		{A689ADE4-02C9-4B76-84B5-AA90C89CF45D}.Debug|Any CPU.ActiveCfg = Debug|Any CPU
		{A689ADE4-02C9-4B76-84B5-AA90C89CF45D}.Debug|Any CPU.Build.0 = Debug|Any CPU
		{A689ADE4-02C9-4B76-84B5-AA90C89CF45D}.Release|Any CPU.ActiveCfg = Release|Any CPU
		{A689ADE4-02C9-4B76-84B5-AA90C89CF45D}.Release|Any CPU.Build.0 = Release|Any CPU
		{307F83C8-710C-438F-B977-84889AA15D57}.Debug|Any CPU.ActiveCfg = Debug|Any CPU
		{307F83C8-710C-438F-B977-84889AA15D57}.Debug|Any CPU.Build.0 = Debug|Any CPU
		{307F83C8-710C-438F-B977-84889AA15D57}.Release|Any CPU.ActiveCfg = Release|Any CPU
		{307F83C8-710C-438F-B977-84889AA15D57}.Release|Any CPU.Build.0 = Release|Any CPU
	EndGlobalSection
	GlobalSection(SolutionProperties) = preSolution
		HideSolutionNode = FALSE
	EndGlobalSection
	GlobalSection(ExtensibilityGlobals) = postSolution
		SolutionGuid = {2F71D619-3B1C-44EF-BA4D-D159C017D260}
	EndGlobalSection
EndGlobal
